
Microsoft Visual Studio Solution File, Format Version 12.00
# Visual Studio Version 16
VisualStudioVersion = 16.0.29709.97
MinimumVisualStudioVersion = 10.0.40219.1
Project("{9A19103F-16F7-4668-BE54-9A1E7A4F7556}") = "ServicesLifetime", "ServicesLifetime\ServicesLifetime.csproj", "{37984EC8-61C2-4127-8EDD-85C1C4CBEBA0}"
EndProject
Global
	GlobalSection(SolutionConfigurationPlatforms) = preSolution
		Debug|Any CPU = Debug|Any CPU
		Release|Any CPU = Release|Any CPU
	EndGlobalSection
	GlobalSection(ProjectConfigurationPlatforms) = postSolution
		{37984EC8-61C2-4127-8EDD-85C1C4CBEBA0}.Debug|Any CPU.ActiveCfg = Debug|Any CPU
		{37984EC8-61C2-4127-8EDD-85C1C4CBEBA0}.Debug|Any CPU.Build.0 = Debug|Any CPU
		{37984EC8-61C2-4127-8EDD-85C1C4CBEBA0}.Release|Any CPU.ActiveCfg = Release|Any CPU
		{37984EC8-61C2-4127-8EDD-85C1C4CBEBA0}.Release|Any CPU.Build.0 = Release|Any CPU
	EndGlobalSection
	GlobalSection(SolutionProperties) = preSolution
		HideSolutionNode = FALSE
	EndGlobalSection
	GlobalSection(ExtensibilityGlobals) = postSolution
		SolutionGuid = {B41DCFEE-137C-4B1A-AE14-C6FE605E5A2B}
	EndGlobalSection
EndGlobal
